
Microsoft Visual Studio Solution File, Format Version 12.00
# Visual Studio Version 17
VisualStudioVersion = 17.8.34511.84
MinimumVisualStudioVersion = 10.0.40219.1
Project("{9A19103F-16F7-4668-BE54-9A1E7A4F7556}") = "U2AS_task5", "U2AS_task5.csproj", "{CC1D2A91-7926-48F1-9211-0F5BBF648DC6}"
EndProject
Project("{FAE04EC0-301F-11D3-BF4B-00C04F79EFBC}") = "task5_Test", "..\task5_Test\task5_Test.csproj", "{91016806-DF48-40E5-B8E6-8EF45B811171}"
EndProject
Global
	GlobalSection(SolutionConfigurationPlatforms) = preSolution
		Debug|Any CPU = Debug|Any CPU
		Release|Any CPU = Release|Any CPU
	EndGlobalSection
	GlobalSection(ProjectConfigurationPlatforms) = postSolution
		{CC1D2A91-7926-48F1-9211-0F5BBF648DC6}.Debug|Any CPU.ActiveCfg = Debug|Any CPU
		{CC1D2A91-7926-48F1-9211-0F5BBF648DC6}.Debug|Any CPU.Build.0 = Debug|Any CPU
		{CC1D2A91-7926-48F1-9211-0F5BBF648DC6}.Release|Any CPU.ActiveCfg = Release|Any CPU
		{CC1D2A91-7926-48F1-9211-0F5BBF648DC6}.Release|Any CPU.Build.0 = Release|Any CPU
		{91016806-DF48-40E5-B8E6-8EF45B811171}.Debug|Any CPU.ActiveCfg = Debug|Any CPU
		{91016806-DF48-40E5-B8E6-8EF45B811171}.Debug|Any CPU.Build.0 = Debug|Any CPU
		{91016806-DF48-40E5-B8E6-8EF45B811171}.Release|Any CPU.ActiveCfg = Release|Any CPU
		{91016806-DF48-40E5-B8E6-8EF45B811171}.Release|Any CPU.Build.0 = Release|Any CPU
	EndGlobalSection
	GlobalSection(SolutionProperties) = preSolution
		HideSolutionNode = FALSE
	EndGlobalSection
	GlobalSection(ExtensibilityGlobals) = postSolution
		SolutionGuid = {BBB73C1B-3A73-4CD5-BA5A-565B9B6824AC}
	EndGlobalSection
EndGlobal
